
Microsoft Visual Studio Solution File, Format Version 12.00
# Visual Studio Version 16
VisualStudioVersion = 16.0.29009.5
MinimumVisualStudioVersion = 10.0.40219.1
Project("{9A19103F-16F7-4668-BE54-9A1E7A4F7556}") = "userapi", "userapi.csproj", "{360C0603-EAE2-44F8-AFDC-A8372C7DC0AE}"
EndProject
Project("{FAE04EC0-301F-11D3-BF4B-00C04F79EFBC}") = "userapi-tests", "..\userapi-tests\userapi-tests.csproj", "{FD26E670-EFF2-41DA-8893-A9447C1811DA}"
EndProject
Global
	GlobalSection(SolutionConfigurationPlatforms) = preSolution
		Debug|Any CPU = Debug|Any CPU
		Release|Any CPU = Release|Any CPU
	EndGlobalSection
	GlobalSection(ProjectConfigurationPlatforms) = postSolution
		{360C0603-EAE2-44F8-AFDC-A8372C7DC0AE}.Debug|Any CPU.ActiveCfg = Debug|Any CPU
		{360C0603-EAE2-44F8-AFDC-A8372C7DC0AE}.Debug|Any CPU.Build.0 = Debug|Any CPU
		{360C0603-EAE2-44F8-AFDC-A8372C7DC0AE}.Release|Any CPU.ActiveCfg = Release|Any CPU
		{360C0603-EAE2-44F8-AFDC-A8372C7DC0AE}.Release|Any CPU.Build.0 = Release|Any CPU
		{FD26E670-EFF2-41DA-8893-A9447C1811DA}.Debug|Any CPU.ActiveCfg = Debug|Any CPU
		{FD26E670-EFF2-41DA-8893-A9447C1811DA}.Debug|Any CPU.Build.0 = Debug|Any CPU
		{FD26E670-EFF2-41DA-8893-A9447C1811DA}.Release|Any CPU.ActiveCfg = Release|Any CPU
		{FD26E670-EFF2-41DA-8893-A9447C1811DA}.Release|Any CPU.Build.0 = Release|Any CPU
	EndGlobalSection
	GlobalSection(SolutionProperties) = preSolution
		HideSolutionNode = FALSE
	EndGlobalSection
	GlobalSection(ExtensibilityGlobals) = postSolution
		SolutionGuid = {298B8DDE-5365-4B54-94D7-47ED6B76C8D9}
	EndGlobalSection
EndGlobal
